
Microsoft Visual Studio Solution File, Format Version 12.00
# Visual Studio Version 17
VisualStudioVersion = 17.3.32825.248
MinimumVisualStudioVersion = 10.0.40219.1
Project("{FAE04EC0-301F-11D3-BF4B-00C04F79EFBC}") = "OOP_CardGame_PrototypeV1", "OOP_CardGame_PrototypeV1\OOP_CardGame_PrototypeV1.csproj", "{7ED7DD32-BCDF-427A-8269-7B6DCA1D34F8}"
EndProject
Global
	GlobalSection(SolutionConfigurationPlatforms) = preSolution
		Debug|Any CPU = Debug|Any CPU
		Release|Any CPU = Release|Any CPU
	EndGlobalSection
	GlobalSection(ProjectConfigurationPlatforms) = postSolution
		{7ED7DD32-BCDF-427A-8269-7B6DCA1D34F8}.Debug|Any CPU.ActiveCfg = Debug|Any CPU
		{7ED7DD32-BCDF-427A-8269-7B6DCA1D34F8}.Debug|Any CPU.Build.0 = Debug|Any CPU
		{7ED7DD32-BCDF-427A-8269-7B6DCA1D34F8}.Release|Any CPU.ActiveCfg = Release|Any CPU
		{7ED7DD32-BCDF-427A-8269-7B6DCA1D34F8}.Release|Any CPU.Build.0 = Release|Any CPU
	EndGlobalSection
	GlobalSection(SolutionProperties) = preSolution
		HideSolutionNode = FALSE
	EndGlobalSection
	GlobalSection(ExtensibilityGlobals) = postSolution
		SolutionGuid = {88E0D114-011B-4034-9A95-4D3D577E4E92}
	EndGlobalSection
EndGlobal
